
Microsoft Visual Studio Solution File, Format Version 12.00
# Visual Studio Version 17
VisualStudioVersion = 17.1.32210.238
MinimumVisualStudioVersion = 10.0.40219.1
Project("{FAE04EC0-301F-11D3-BF4B-00C04F79EFBC}") = "MangerTagGen", "MangerTagGen\MangerTagGen.csproj", "{800A85B9-0281-45B5-92C7-BD154187CDD8}"
EndProject
Global
	GlobalSection(SolutionConfigurationPlatforms) = preSolution
		Debug|Any CPU = Debug|Any CPU
		Release|Any CPU = Release|Any CPU
	EndGlobalSection
	GlobalSection(ProjectConfigurationPlatforms) = postSolution
		{800A85B9-0281-45B5-92C7-BD154187CDD8}.Debug|Any CPU.ActiveCfg = Debug|Any CPU
		{800A85B9-0281-45B5-92C7-BD154187CDD8}.Debug|Any CPU.Build.0 = Debug|Any CPU
		{800A85B9-0281-45B5-92C7-BD154187CDD8}.Release|Any CPU.ActiveCfg = Release|Any CPU
		{800A85B9-0281-45B5-92C7-BD154187CDD8}.Release|Any CPU.Build.0 = Release|Any CPU
	EndGlobalSection
	GlobalSection(SolutionProperties) = preSolution
		HideSolutionNode = FALSE
	EndGlobalSection
	GlobalSection(ExtensibilityGlobals) = postSolution
		SolutionGuid = {AA68C5D4-6090-4482-94C4-7C2F70AE41B4}
	EndGlobalSection
EndGlobal
